// !$*UTF8*$!
{
	archiveVersion = 1;
	classes = {
	};
	objectVersion = 48;
	objects = {

/* Begin PBXBuildFile section */
		DD520A3C2039126A0091AA9C /* AppDelegate.swift in Sources */ = {isa = PBXBuildFile; fileRef = DD520A3B2039126A0091AA9C /* AppDelegate.swift */; };
		DD520A412039126A0091AA9C /* Main.storyboard in Resources */ = {isa = PBXBuildFile; fileRef = DD520A3F2039126A0091AA9C /* Main.storyboard */; };
		DD520A432039126A0091AA9C /* Assets.xcassets in Resources */ = {isa = PBXBuildFile; fileRef = DD520A422039126A0091AA9C /* Assets.xcassets */; };
		DD520A462039126A0091AA9C /* LaunchScreen.storyboard in Resources */ = {isa = PBXBuildFile; fileRef = DD520A442039126A0091AA9C /* LaunchScreen.storyboard */; };
		DD520A50203913EB0091AA9C /* BillsViewController.swift in Sources */ = {isa = PBXBuildFile; fileRef = DD520A4F203913EB0091AA9C /* BillsViewController.swift */; };
		DD520A5B20396B530091AA9C /* Proxima Nova Bold.otf in Resources */ = {isa = PBXBuildFile; fileRef = DD520A5A20396B530091AA9C /* Proxima Nova Bold.otf */; };
		DD520A5D2039775B0091AA9C /* Proxima Nova Light.otf in Resources */ = {isa = PBXBuildFile; fileRef = DD520A59203966800091AA9C /* Proxima Nova Light.otf */; };
/* End PBXBuildFile section */

/* Begin PBXFileReference section */
		DD520A382039126A0091AA9C /* Split.app */ = {isa = PBXFileReference; explicitFileType = wrapper.application; includeInIndex = 0; path = Split.app; sourceTree = BUILT_PRODUCTS_DIR; };
		DD520A3B2039126A0091AA9C /* AppDelegate.swift */ = {isa = PBXFileReference; lastKnownFileType = sourcecode.swift; path = AppDelegate.swift; sourceTree = "<group>"; };
		DD520A402039126A0091AA9C /* Base */ = {isa = PBXFileReference; lastKnownFileType = file.storyboard; name = Base; path = Base.lproj/Main.storyboard; sourceTree = "<group>"; };
		DD520A422039126A0091AA9C /* Assets.xcassets */ = {isa = PBXFileReference; lastKnownFileType = folder.assetcatalog; path = Assets.xcassets; sourceTree = "<group>"; };
		DD520A452039126A0091AA9C /* Base */ = {isa = PBXFileReference; lastKnownFileType = file.storyboard; name = Base; path = Base.lproj/LaunchScreen.storyboard; sourceTree = "<group>"; };
		DD520A472039126A0091AA9C /* Info.plist */ = {isa = PBXFileReference; lastKnownFileType = text.plist.xml; path = Info.plist; sourceTree = "<group>"; };
		DD520A4F203913EB0091AA9C /* BillsViewController.swift */ = {isa = PBXFileReference; lastKnownFileType = sourcecode.swift; path = BillsViewController.swift; sourceTree = "<group>"; };
		DD520A59203966800091AA9C /* Proxima Nova Light.otf */ = {isa = PBXFileReference; lastKnownFileType = file; path = "Proxima Nova Light.otf"; sourceTree = "<group>"; };
		DD520A5A20396B530091AA9C /* Proxima Nova Bold.otf */ = {isa = PBXFileReference; lastKnownFileType = file; path = "Proxima Nova Bold.otf"; sourceTree = "<group>"; };
/* End PBXFileReference section */

/* Begin PBXFrameworksBuildPhase section */
		DD520A352039126A0091AA9C /* Frameworks */ = {
			isa = PBXFrameworksBuildPhase;
			buildActionMask = 2147483647;
			files = (
			);
			runOnlyForDeploymentPostprocessing = 0;
		};
/* End PBXFrameworksBuildPhase section */

/* Begin PBXGroup section */
		DD520A2F2039126A0091AA9C = {
			isa = PBXGroup;
			children = (
				DD520A3A2039126A0091AA9C /* Split */,
				DD520A392039126A0091AA9C /* Products */,
			);
			sourceTree = "<group>";
		};
		DD520A392039126A0091AA9C /* Products */ = {
			isa = PBXGroup;
			children = (
				DD520A382039126A0091AA9C /* Split.app */,
			);
			name = Products;
			sourceTree = "<group>";
		};
		DD520A3A2039126A0091AA9C /* Split */ = {
			isa = PBXGroup;
			children = (
				DD520A3B2039126A0091AA9C /* AppDelegate.swift */,
				DD520A4F203913EB0091AA9C /* BillsViewController.swift */,
				DD520A3F2039126A0091AA9C /* Main.storyboard */,
				DD520A5C20396DF40091AA9C /* Fonts */,
				DD520A422039126A0091AA9C /* Assets.xcassets */,
				DD520A442039126A0091AA9C /* LaunchScreen.storyboard */,
				DD520A472039126A0091AA9C /* Info.plist */,
			);
			path = Split;
			sourceTree = "<group>";
		};
		DD520A5C20396DF40091AA9C /* Fonts */ = {
			isa = PBXGroup;
			children = (
				DD520A59203966800091AA9C /* Proxima Nova Light.otf */,
				DD520A5A20396B530091AA9C /* Proxima Nova Bold.otf */,
			);
			path = Fonts;
			sourceTree = "<group>";
		};
/* End PBXGroup section */

/* Begin PBXNativeTarget section */
		DD520A372039126A0091AA9C /* Split */ = {
			isa = PBXNativeTarget;
			buildConfigurationList = DD520A4A2039126A0091AA9C /* Build configuration list for PBXNativeTarget "Split" */;
			buildPhases = (
				DD520A342039126A0091AA9C /* Sources */,
				DD520A352039126A0091AA9C /* Frameworks */,
				DD520A362039126A0091AA9C /* Resources */,
			);
			buildRules = (
			);
			dependencies = (
			);
			name = Split;
			productName = Split;
			productReference = DD520A382039126A0091AA9C /* Split.app */;
			productType = "com.apple.product-type.application";
		};
/* End PBXNativeTarget section */

/* Begin PBXProject section */
		DD520A302039126A0091AA9C /* Project object */ = {
			isa = PBXProject;
			attributes = {
				LastSwiftUpdateCheck = 0920;
				LastUpgradeCheck = 0920;
				ORGANIZATIONNAME = "Trevin Wisaksana";
				TargetAttributes = {
					DD520A372039126A0091AA9C = {
						CreatedOnToolsVersion = 9.2;
						ProvisioningStyle = Automatic;
					};
				};
			};
			buildConfigurationList = DD520A332039126A0091AA9C /* Build configuration list for PBXProject "Split" */;
			compatibilityVersion = "Xcode 8.0";
			developmentRegion = en;
			hasScannedForEncodings = 0;
			knownRegions = (
				en,
				Base,
			);
			mainGroup = DD520A2F2039126A0091AA9C;
			productRefGroup = DD520A392039126A0091AA9C /* Products */;
			projectDirPath = "";
			projectRoot = "";
			targets = (
				DD520A372039126A0091AA9C /* Split */,
			);
		};
/* End PBXProject section */

/* Begin PBXResourcesBuildPhase section */
		DD520A362039126A0091AA9C /* Resources */ = {
			isa = PBXResourcesBuildPhase;
			buildActionMask = 2147483647;
			files = (
				DD520A5D2039775B0091AA9C /* Proxima Nova Light.otf in Resources */,
				DD520A462039126A0091AA9C /* LaunchScreen.storyboard in Resources */,
				DD520A5B20396B530091AA9C /* Proxima Nova Bold.otf in Resources */,
				DD520A432039126A0091AA9C /* Assets.xcassets in Resources */,
				DD520A412039126A0091AA9C /* Main.storyboard in Resources */,
			);
			runOnlyForDeploymentPostprocessing = 0;
		};
/* End PBXResourcesBuildPhase section */

/* Begin PBXSourcesBuildPhase section */
		DD520A342039126A0091AA9C /* Sources */ = {
			isa = PBXSourcesBuildPhase;
			buildActionMask = 2147483647;
			files = (
				DD520A50203913EB0091AA9C /* BillsViewController.swift in Sources */,
				DD520A3C2039126A0091AA9C /* AppDelegate.swift in Sources */,
			);
			runOnlyForDeploymentPostprocessing = 0;
		};
/* End PBXSourcesBuildPhase section */

/* Begin PBXVariantGroup section */
		DD520A3F2039126A0091AA9C /* Main.storyboard */ = {
			isa = PBXVariantGroup;
			children = (
				DD520A402039126A0091AA9C /* Base */,
			);
			name = Main.storyboard;
			sourceTree = "<group>";
		};
		DD520A442039126A0091AA9C /* LaunchScreen.storyboard */ = {
			isa = PBXVariantGroup;
			children = (
				DD520A452039126A0091AA9C /* Base */,
			);
			name = LaunchScreen.storyboard;
			sourceTree = "<group>";
		};
/* End PBXVariantGroup section */

/* Begin XCBuildConfiguration section */
		DD520A482039126A0091AA9C /* Debug */ = {
			isa = XCBuildConfiguration;
			buildSettings = {
				ALWAYS_SEARCH_USER_PATHS = NO;
				CLANG_ANALYZER_NONNULL = YES;
				CLANG_ANALYZER_NUMBER_OBJECT_CONVERSION = YES_AGGRESSIVE;
				CLANG_CXX_LANGUAGE_STANDARD = "gnu++14";
				CLANG_CXX_LIBRARY = "libc++";
				CLANG_ENABLE_MODULES = YES;
				CLANG_ENABLE_OBJC_ARC = YES;
				CLANG_WARN_BLOCK_CAPTURE_AUTORELEASING = YES;
				CLANG_WARN_BOOL_CONVERSION = YES;
				CLANG_WARN_COMMA = YES;
				CLANG_WARN_CONSTANT_CONVERSION = YES;
				CLANG_WARN_DIRECT_OBJC_ISA_USAGE = YES_ERROR;
				CLANG_WARN_DOCUMENTATION_COMMENTS = YES;
				CLANG_WARN_EMPTY_BODY = YES;
				CLANG_WARN_ENUM_CONVERSION = YES;
				CLANG_WARN_INFINITE_RECURSION = YES;
				CLANG_WARN_INT_CONVERSION = YES;
				CLANG_WARN_NON_LITERAL_NULL_CONVERSION = YES;
				CLANG_WARN_OBJC_LITERAL_CONVERSION = YES;
				CLANG_WARN_OBJC_ROOT_CLASS = YES_ERROR;
				CLANG_WARN_RANGE_LOOP_ANALYSIS = YES;
				CLANG_WARN_STRICT_PROTOTYPES = YES;
				CLANG_WARN_SUSPICIOUS_MOVE = YES;
				CLANG_WARN_UNGUARDED_AVAILABILITY = YES_AGGRESSIVE;
				CLANG_WARN_UNREACHABLE_CODE = YES;
				CLANG_WARN__DUPLICATE_METHOD_MATCH = YES;
				CODE_SIGN_IDENTITY = "iPhone Developer";
				COPY_PHASE_STRIP = NO;
				DEBUG_INFORMATION_FORMAT = dwarf;
				ENABLE_STRICT_OBJC_MSGSEND = YES;
				ENABLE_TESTABILITY = YES;
				GCC_C_LANGUAGE_STANDARD = gnu11;
				GCC_DYNAMIC_NO_PIC = NO;
				GCC_NO_COMMON_BLOCKS = YES;
				GCC_OPTIMIZATION_LEVEL = 0;
				GCC_PREPROCESSOR_DEFINITIONS = (
					"DEBUG=1",
					"$(inherited)",
				);
				GCC_WARN_64_TO_32_BIT_CONVERSION = YES;
				GCC_WARN_ABOUT_RETURN_TYPE = YES_ERROR;
				GCC_WARN_UNDECLARED_SELECTOR = YES;
				GCC_WARN_UNINITIALIZED_AUTOS = YES_AGGRESSIVE;
				GCC_WARN_UNUSED_FUNCTION = YES;
				GCC_WARN_UNUSED_VARIABLE = YES;
				IPHONEOS_DEPLOYMENT_TARGET = 11.2;
				MTL_ENABLE_DEBUG_INFO = YES;
				ONLY_ACTIVE_ARCH = YES;
				SDKROOT = iphoneos;
				SWIFT_ACTIVE_COMPILATION_CONDITIONS = DEBUG;
				SWIFT_OPTIMIZATION_LEVEL = "-Onone";
			};
			name = Debug;
		};
		DD520A492039126A0091AA9C /* Release */ = {
			isa = XCBuildConfiguration;
			buildSettings = {
				ALWAYS_SEARCH_USER_PATHS = NO;
				CLANG_ANALYZER_NONNULL = YES;
				CLANG_ANALYZER_NUMBER_OBJECT_CONVERSION = YES_AGGRESSIVE;
				CLANG_CXX_LANGUAGE_STANDARD = "gnu++14";
				CLANG_CXX_LIBRARY = "libc++";
				CLANG_ENABLE_MODULES = YES;
				CLANG_ENABLE_OBJC_ARC = YES;
				CLANG_WARN_BLOCK_CAPTURE_AUTORELEASING = YES;
				CLANG_WARN_BOOL_CONVERSION = YES;
				CLANG_WARN_COMMA = YES;
				CLANG_WARN_CONSTANT_CONVERSION = YES;
				CLANG_WARN_DIRECT_OBJC_ISA_USAGE = YES_ERROR;
				CLANG_WARN_DOCUMENTATION_COMMENTS = YES;
				CLANG_WARN_EMPTY_BODY = YES;
				CLANG_WARN_ENUM_CONVERSION = YES;
				CLANG_WARN_INFINITE_RECURSION = YES;
				CLANG_WARN_INT_CONVERSION = YES;
				CLANG_WARN_NON_LITERAL_NULL_CONVERSION = YES;
				CLANG_WARN_OBJC_LITERAL_CONVERSION = YES;
				CLANG_WARN_OBJC_ROOT_CLASS = YES_ERROR;
				CLANG_WARN_RANGE_LOOP_ANALYSIS = YES;
				CLANG_WARN_STRICT_PROTOTYPES = YES;
				CLANG_WARN_SUSPICIOUS_MOVE = YES;
				CLANG_WARN_UNGUARDED_AVAILABILITY = YES_AGGRESSIVE;
				CLANG_WARN_UNREACHABLE_CODE = YES;
				CLANG_WARN__DUPLICATE_METHOD_MATCH = YES;
				CODE_SIGN_IDENTITY = "iPhone Developer";
				COPY_PHASE_STRIP = NO;
				DEBUG_INFORMATION_FORMAT = "dwarf-with-dsym";
				ENABLE_NS_ASSERTIONS = NO;
				ENABLE_STRICT_OBJC_MSGSEND = YES;
				GCC_C_LANGUAGE_STANDARD = gnu11;
				GCC_NO_COMMON_BLOCKS = YES;
				GCC_WARN_64_TO_32_BIT_CONVERSION = YES;
				GCC_WARN_ABOUT_RETURN_TYPE = YES_ERROR;
				GCC_WARN_UNDECLARED_SELECTOR = YES;
				GCC_WARN_UNINITIALIZED_AUTOS = YES_AGGRESSIVE;
				GCC_WARN_UNUSED_FUNCTION = YES;
				GCC_WARN_UNUSED_VARIABLE = YES;
				IPHONEOS_DEPLOYMENT_TARGET = 11.2;
				MTL_ENABLE_DEBUG_INFO = NO;
				SDKROOT = iphoneos;
				SWIFT_OPTIMIZATION_LEVEL = "-Owholemodule";
				VALIDATE_PRODUCT = YES;
			};
			name = Release;
		};
		DD520A4B2039126A0091AA9C /* Debug */ = {
			isa = XCBuildConfiguration;
			buildSettings = {
				ASSETCATALOG_COMPILER_APPICON_NAME = AppIcon;
				CODE_SIGN_STYLE = Automatic;
				DEVELOPMENT_TEAM = 9ME882KZTA;
				INFOPLIST_FILE = Split/Info.plist;
				LD_RUNPATH_SEARCH_PATHS = "$(inherited) @executable_path/Frameworks";
				PRODUCT_BUNDLE_IDENTIFIER = com.trevinwisaksana.Split;
				PRODUCT_NAME = "$(TARGET_NAME)";
				SWIFT_VERSION = 4.0;
				TARGETED_DEVICE_FAMILY = "1,2";
			};
			name = Debug;
		};
		DD520A4C2039126A0091AA9C /* Release */ = {
			isa = XCBuildConfiguration;
			buildSettings = {
				ASSETCATALOG_COMPILER_APPICON_NAME = AppIcon;
				CODE_SIGN_STYLE = Automatic;
				DEVELOPMENT_TEAM = 9ME882KZTA;
				INFOPLIST_FILE = Split/Info.plist;
				LD_RUNPATH_SEARCH_PATHS = "$(inherited) @executable_path/Frameworks";
				PRODUCT_BUNDLE_IDENTIFIER = com.trevinwisaksana.Split;
				PRODUCT_NAME = "$(TARGET_NAME)";
				SWIFT_VERSION = 4.0;
				TARGETED_DEVICE_FAMILY = "1,2";
			};
			name = Release;
		};
/* End XCBuildConfiguration section */

/* Begin XCConfigurationList section */
		DD520A332039126A0091AA9C /* Build configuration list for PBXProject "Split" */ = {
			isa = XCConfigurationList;
			buildConfigurations = (
				DD520A482039126A0091AA9C /* Debug */,
				DD520A492039126A0091AA9C /* Release */,
			);
			defaultConfigurationIsVisible = 0;
			defaultConfigurationName = Release;
		};
		DD520A4A2039126A0091AA9C /* Build configuration list for PBXNativeTarget "Split" */ = {
			isa = XCConfigurationList;
			buildConfigurations = (
				DD520A4B2039126A0091AA9C /* Debug */,
				DD520A4C2039126A0091AA9C /* Release */,
			);
			defaultConfigurationIsVisible = 0;
			defaultConfigurationName = Release;
		};
/* End XCConfigurationList section */
	};
	rootObject = DD520A302039126A0091AA9C /* Project object */;
}
